{
  "R": {
    "Version": "4.0.3",
    "Repositories": [
      {
        "Name": "CRAN",
        "URL": "https://packagemanager.rstudio.com/all/latest"
      }
    ]
  },
  "Packages": {
    "cronR": {
      "Package": "cronR",
      "Version": "0.4.2",
      "Source": "Repository",
      "Repository": "RSPM",
      "OS_type": "unix",
      "Hash": "10ae0d015ddb37b55e3d5c6da506c5d6"
    },
    "digest": {
      "Package": "digest",
      "Version": "0.6.25",
      "Source": "Repository",
      "Repository": "RSPM",
      "Hash": "f697db7d92b7028c4b3436e9603fb636"
    },
    "git2r": {
      "Package": "git2r",
      "Version": "0.27.1",
      "Source": "Repository",
      "Repository": "RSPM",
      "Hash": "531a82d1beed1f545beb25f4f5945bf7"
    },
    "renv": {
      "Package": "renv",
      "Version": "0.12.0",
      "Source": "Repository",
      "Repository": "RSPM",
      "Hash": "7340c71f46a0fd16506cfa804e224e44"
    }
  }
}
